
Microsoft Visual Studio Solution File, Format Version 12.00
# Visual Studio Version 16
VisualStudioVersion = 16.0.29215.179
MinimumVisualStudioVersion = 10.0.40219.1
Project("{FAE04EC0-301F-11D3-BF4B-00C04F79EFBC}") = "CompilerLab", "CompilerLab\CompilerLab.csproj", "{CCE8019F-91C2-4B84-86CE-285F68CBF9A4}"
EndProject
Global
	GlobalSection(SolutionConfigurationPlatforms) = preSolution
		Debug|Any CPU = Debug|Any CPU
		Release|Any CPU = Release|Any CPU
	EndGlobalSection
	GlobalSection(ProjectConfigurationPlatforms) = postSolution
		{CCE8019F-91C2-4B84-86CE-285F68CBF9A4}.Debug|Any CPU.ActiveCfg = Debug|Any CPU
		{CCE8019F-91C2-4B84-86CE-285F68CBF9A4}.Debug|Any CPU.Build.0 = Debug|Any CPU
		{CCE8019F-91C2-4B84-86CE-285F68CBF9A4}.Release|Any CPU.ActiveCfg = Release|Any CPU
		{CCE8019F-91C2-4B84-86CE-285F68CBF9A4}.Release|Any CPU.Build.0 = Release|Any CPU
	EndGlobalSection
	GlobalSection(SolutionProperties) = preSolution
		HideSolutionNode = FALSE
	EndGlobalSection
	GlobalSection(ExtensibilityGlobals) = postSolution
		SolutionGuid = {502AFB75-9AC9-44CE-8876-6B6F30BCBA8E}
	EndGlobalSection
EndGlobal
